// !$*UTF8*$!
{
	archiveVersion = 1;
	classes = {
	};
	objectVersion = 55;
	objects = {

/* Begin PBXBuildFile section */
		2590AB2928559AC600C8B8CC /* ogma.docc in Sources */ = {isa = PBXBuildFile; fileRef = 2590AB2828559AC600C8B8CC /* ogma.docc */; };
		2590AB2F28559AC700C8B8CC /* ogma.framework in Frameworks */ = {isa = PBXBuildFile; fileRef = 2590AB2428559AC600C8B8CC /* ogma.framework */; };
		2590AB3428559AC700C8B8CC /* ogmaTests.swift in Sources */ = {isa = PBXBuildFile; fileRef = 2590AB3328559AC700C8B8CC /* ogmaTests.swift */; };
		2590AB3528559AC700C8B8CC /* ogma.h in Headers */ = {isa = PBXBuildFile; fileRef = 2590AB2728559AC600C8B8CC /* ogma.h */; settings = {ATTRIBUTES = (Public, ); }; };
/* End PBXBuildFile section */

/* Begin PBXContainerItemProxy section */
		2590AB3028559AC700C8B8CC /* PBXContainerItemProxy */ = {
			isa = PBXContainerItemProxy;
			containerPortal = 2590AB1B28559AC600C8B8CC /* Project object */;
			proxyType = 1;
			remoteGlobalIDString = 2590AB2328559AC600C8B8CC;
			remoteInfo = ogma;
		};
/* End PBXContainerItemProxy section */

/* Begin PBXFileReference section */
		2590AB2428559AC600C8B8CC /* ogma.framework */ = {isa = PBXFileReference; explicitFileType = wrapper.framework; includeInIndex = 0; path = ogma.framework; sourceTree = BUILT_PRODUCTS_DIR; };
		2590AB2728559AC600C8B8CC /* ogma.h */ = {isa = PBXFileReference; lastKnownFileType = sourcecode.c.h; path = ogma.h; sourceTree = "<group>"; };
		2590AB2828559AC600C8B8CC /* ogma.docc */ = {isa = PBXFileReference; lastKnownFileType = folder.documentationcatalog; path = ogma.docc; sourceTree = "<group>"; };
		2590AB2E28559AC700C8B8CC /* ogmaTests.xctest */ = {isa = PBXFileReference; explicitFileType = wrapper.cfbundle; includeInIndex = 0; path = ogmaTests.xctest; sourceTree = BUILT_PRODUCTS_DIR; };
		2590AB3328559AC700C8B8CC /* ogmaTests.swift */ = {isa = PBXFileReference; lastKnownFileType = sourcecode.swift; path = ogmaTests.swift; sourceTree = "<group>"; };
/* End PBXFileReference section */

/* Begin PBXFrameworksBuildPhase section */
		2590AB2128559AC600C8B8CC /* Frameworks */ = {
			isa = PBXFrameworksBuildPhase;
			buildActionMask = 2147483647;
			files = (
			);
			runOnlyForDeploymentPostprocessing = 0;
		};
		2590AB2B28559AC700C8B8CC /* Frameworks */ = {
			isa = PBXFrameworksBuildPhase;
			buildActionMask = 2147483647;
			files = (
				2590AB2F28559AC700C8B8CC /* ogma.framework in Frameworks */,
			);
			runOnlyForDeploymentPostprocessing = 0;
		};
/* End PBXFrameworksBuildPhase section */

/* Begin PBXGroup section */
		2590AB1A28559AC600C8B8CC = {
			isa = PBXGroup;
			children = (
				2590AB2628559AC600C8B8CC /* ogma */,
				2590AB3228559AC700C8B8CC /* ogmaTests */,
				2590AB2528559AC600C8B8CC /* Products */,
			);
			sourceTree = "<group>";
		};
		2590AB2528559AC600C8B8CC /* Products */ = {
			isa = PBXGroup;
			children = (
				2590AB2428559AC600C8B8CC /* ogma.framework */,
				2590AB2E28559AC700C8B8CC /* ogmaTests.xctest */,
			);
			name = Products;
			sourceTree = "<group>";
		};
		2590AB2628559AC600C8B8CC /* ogma */ = {
			isa = PBXGroup;
			children = (
				2590AB2728559AC600C8B8CC /* ogma.h */,
				2590AB2828559AC600C8B8CC /* ogma.docc */,
			);
			path = ogma;
			sourceTree = "<group>";
		};
		2590AB3228559AC700C8B8CC /* ogmaTests */ = {
			isa = PBXGroup;
			children = (
				2590AB3328559AC700C8B8CC /* ogmaTests.swift */,
			);
			path = ogmaTests;
			sourceTree = "<group>";
		};
/* End PBXGroup section */

/* Begin PBXHeadersBuildPhase section */
		2590AB1F28559AC600C8B8CC /* Headers */ = {
			isa = PBXHeadersBuildPhase;
			buildActionMask = 2147483647;
			files = (
				2590AB3528559AC700C8B8CC /* ogma.h in Headers */,
			);
			runOnlyForDeploymentPostprocessing = 0;
		};
/* End PBXHeadersBuildPhase section */

/* Begin PBXNativeTarget section */
		2590AB2328559AC600C8B8CC /* ogma */ = {
			isa = PBXNativeTarget;
			buildConfigurationList = 2590AB3828559AC700C8B8CC /* Build configuration list for PBXNativeTarget "ogma" */;
			buildPhases = (
				2590AB1F28559AC600C8B8CC /* Headers */,
				2590AB2028559AC600C8B8CC /* Sources */,
				2590AB2128559AC600C8B8CC /* Frameworks */,
				2590AB2228559AC600C8B8CC /* Resources */,
			);
			buildRules = (
			);
			dependencies = (
			);
			name = ogma;
			productName = ogma;
			productReference = 2590AB2428559AC600C8B8CC /* ogma.framework */;
			productType = "com.apple.product-type.framework";
		};
		2590AB2D28559AC700C8B8CC /* ogmaTests */ = {
			isa = PBXNativeTarget;
			buildConfigurationList = 2590AB3B28559AC700C8B8CC /* Build configuration list for PBXNativeTarget "ogmaTests" */;
			buildPhases = (
				2590AB2A28559AC700C8B8CC /* Sources */,
				2590AB2B28559AC700C8B8CC /* Frameworks */,
				2590AB2C28559AC700C8B8CC /* Resources */,
			);
			buildRules = (
			);
			dependencies = (
				2590AB3128559AC700C8B8CC /* PBXTargetDependency */,
			);
			name = ogmaTests;
			productName = ogmaTests;
			productReference = 2590AB2E28559AC700C8B8CC /* ogmaTests.xctest */;
			productType = "com.apple.product-type.bundle.unit-test";
		};
/* End PBXNativeTarget section */

/* Begin PBXProject section */
		2590AB1B28559AC600C8B8CC /* Project object */ = {
			isa = PBXProject;
			attributes = {
				BuildIndependentTargetsInParallel = 1;
				LastSwiftUpdateCheck = 1340;
				LastUpgradeCheck = 1340;
				TargetAttributes = {
					2590AB2328559AC600C8B8CC = {
						CreatedOnToolsVersion = 13.4;
					};
					2590AB2D28559AC700C8B8CC = {
						CreatedOnToolsVersion = 13.4;
					};
				};
			};
			buildConfigurationList = 2590AB1E28559AC600C8B8CC /* Build configuration list for PBXProject "ogma" */;
			compatibilityVersion = "Xcode 13.0";
			developmentRegion = en;
			hasScannedForEncodings = 0;
			knownRegions = (
				en,
				Base,
			);
			mainGroup = 2590AB1A28559AC600C8B8CC;
			productRefGroup = 2590AB2528559AC600C8B8CC /* Products */;
			projectDirPath = "";
			projectRoot = "";
			targets = (
				2590AB2328559AC600C8B8CC /* ogma */,
				2590AB2D28559AC700C8B8CC /* ogmaTests */,
			);
		};
/* End PBXProject section */

/* Begin PBXResourcesBuildPhase section */
		2590AB2228559AC600C8B8CC /* Resources */ = {
			isa = PBXResourcesBuildPhase;
			buildActionMask = 2147483647;
			files = (
			);
			runOnlyForDeploymentPostprocessing = 0;
		};
		2590AB2C28559AC700C8B8CC /* Resources */ = {
			isa = PBXResourcesBuildPhase;
			buildActionMask = 2147483647;
			files = (
			);
			runOnlyForDeploymentPostprocessing = 0;
		};
/* End PBXResourcesBuildPhase section */

/* Begin PBXSourcesBuildPhase section */
		2590AB2028559AC600C8B8CC /* Sources */ = {
			isa = PBXSourcesBuildPhase;
			buildActionMask = 2147483647;
			files = (
				2590AB2928559AC600C8B8CC /* ogma.docc in Sources */,
			);
			runOnlyForDeploymentPostprocessing = 0;
		};
		2590AB2A28559AC700C8B8CC /* Sources */ = {
			isa = PBXSourcesBuildPhase;
			buildActionMask = 2147483647;
			files = (
				2590AB3428559AC700C8B8CC /* ogmaTests.swift in Sources */,
			);
			runOnlyForDeploymentPostprocessing = 0;
		};
/* End PBXSourcesBuildPhase section */

/* Begin PBXTargetDependency section */
		2590AB3128559AC700C8B8CC /* PBXTargetDependency */ = {
			isa = PBXTargetDependency;
			target = 2590AB2328559AC600C8B8CC /* ogma */;
			targetProxy = 2590AB3028559AC700C8B8CC /* PBXContainerItemProxy */;
		};
/* End PBXTargetDependency section */

/* Begin XCBuildConfiguration section */
		2590AB3628559AC700C8B8CC /* Debug */ = {
			isa = XCBuildConfiguration;
			buildSettings = {
				ALWAYS_SEARCH_USER_PATHS = NO;
				CLANG_ANALYZER_NONNULL = YES;
				CLANG_ANALYZER_NUMBER_OBJECT_CONVERSION = YES_AGGRESSIVE;
				CLANG_CXX_LANGUAGE_STANDARD = "gnu++17";
				CLANG_ENABLE_MODULES = YES;
				CLANG_ENABLE_OBJC_ARC = YES;
				CLANG_ENABLE_OBJC_WEAK = YES;
				CLANG_WARN_BLOCK_CAPTURE_AUTORELEASING = YES;
				CLANG_WARN_BOOL_CONVERSION = YES;
				CLANG_WARN_COMMA = YES;
				CLANG_WARN_CONSTANT_CONVERSION = YES;
				CLANG_WARN_DEPRECATED_OBJC_IMPLEMENTATIONS = YES;
				CLANG_WARN_DIRECT_OBJC_ISA_USAGE = YES_ERROR;
				CLANG_WARN_DOCUMENTATION_COMMENTS = YES;
				CLANG_WARN_EMPTY_BODY = YES;
				CLANG_WARN_ENUM_CONVERSION = YES;
				CLANG_WARN_INFINITE_RECURSION = YES;
				CLANG_WARN_INT_CONVERSION = YES;
				CLANG_WARN_NON_LITERAL_NULL_CONVERSION = YES;
				CLANG_WARN_OBJC_IMPLICIT_RETAIN_SELF = YES;
				CLANG_WARN_OBJC_LITERAL_CONVERSION = YES;
				CLANG_WARN_OBJC_ROOT_CLASS = YES_ERROR;
				CLANG_WARN_QUOTED_INCLUDE_IN_FRAMEWORK_HEADER = YES;
				CLANG_WARN_RANGE_LOOP_ANALYSIS = YES;
				CLANG_WARN_STRICT_PROTOTYPES = YES;
				CLANG_WARN_SUSPICIOUS_MOVE = YES;
				CLANG_WARN_UNGUARDED_AVAILABILITY = YES_AGGRESSIVE;
				CLANG_WARN_UNREACHABLE_CODE = YES;
				CLANG_WARN__DUPLICATE_METHOD_MATCH = YES;
				COPY_PHASE_STRIP = NO;
				CURRENT_PROJECT_VERSION = 1;
				DEBUG_INFORMATION_FORMAT = dwarf;
				ENABLE_STRICT_OBJC_MSGSEND = YES;
				ENABLE_TESTABILITY = YES;
				GCC_C_LANGUAGE_STANDARD = gnu11;
				GCC_DYNAMIC_NO_PIC = NO;
				GCC_NO_COMMON_BLOCKS = YES;
				GCC_OPTIMIZATION_LEVEL = 0;
				GCC_PREPROCESSOR_DEFINITIONS = (
					"DEBUG=1",
					"$(inherited)",
				);
				GCC_WARN_64_TO_32_BIT_CONVERSION = YES;
				GCC_WARN_ABOUT_RETURN_TYPE = YES_ERROR;
				GCC_WARN_UNDECLARED_SELECTOR = YES;
				GCC_WARN_UNINITIALIZED_AUTOS = YES_AGGRESSIVE;
				GCC_WARN_UNUSED_FUNCTION = YES;
				GCC_WARN_UNUSED_VARIABLE = YES;
				MACOSX_DEPLOYMENT_TARGET = 12.3;
				MTL_ENABLE_DEBUG_INFO = INCLUDE_SOURCE;
				MTL_FAST_MATH = YES;
				ONLY_ACTIVE_ARCH = YES;
				SDKROOT = macosx;
				SWIFT_ACTIVE_COMPILATION_CONDITIONS = DEBUG;
				SWIFT_OPTIMIZATION_LEVEL = "-Onone";
				VERSIONING_SYSTEM = "apple-generic";
				VERSION_INFO_PREFIX = "";
			};
			name = Debug;
		};
		2590AB3728559AC700C8B8CC /* Release */ = {
			isa = XCBuildConfiguration;
			buildSettings = {
				ALWAYS_SEARCH_USER_PATHS = NO;
				CLANG_ANALYZER_NONNULL = YES;
				CLANG_ANALYZER_NUMBER_OBJECT_CONVERSION = YES_AGGRESSIVE;
				CLANG_CXX_LANGUAGE_STANDARD = "gnu++17";
				CLANG_ENABLE_MODULES = YES;
				CLANG_ENABLE_OBJC_ARC = YES;
				CLANG_ENABLE_OBJC_WEAK = YES;
				CLANG_WARN_BLOCK_CAPTURE_AUTORELEASING = YES;
				CLANG_WARN_BOOL_CONVERSION = YES;
				CLANG_WARN_COMMA = YES;
				CLANG_WARN_CONSTANT_CONVERSION = YES;
				CLANG_WARN_DEPRECATED_OBJC_IMPLEMENTATIONS = YES;
				CLANG_WARN_DIRECT_OBJC_ISA_USAGE = YES_ERROR;
				CLANG_WARN_DOCUMENTATION_COMMENTS = YES;
				CLANG_WARN_EMPTY_BODY = YES;
				CLANG_WARN_ENUM_CONVERSION = YES;
				CLANG_WARN_INFINITE_RECURSION = YES;
				CLANG_WARN_INT_CONVERSION = YES;
				CLANG_WARN_NON_LITERAL_NULL_CONVERSION = YES;
				CLANG_WARN_OBJC_IMPLICIT_RETAIN_SELF = YES;
				CLANG_WARN_OBJC_LITERAL_CONVERSION = YES;
				CLANG_WARN_OBJC_ROOT_CLASS = YES_ERROR;
				CLANG_WARN_QUOTED_INCLUDE_IN_FRAMEWORK_HEADER = YES;
				CLANG_WARN_RANGE_LOOP_ANALYSIS = YES;
				CLANG_WARN_STRICT_PROTOTYPES = YES;
				CLANG_WARN_SUSPICIOUS_MOVE = YES;
				CLANG_WARN_UNGUARDED_AVAILABILITY = YES_AGGRESSIVE;
				CLANG_WARN_UNREACHABLE_CODE = YES;
				CLANG_WARN__DUPLICATE_METHOD_MATCH = YES;
				COPY_PHASE_STRIP = NO;
				CURRENT_PROJECT_VERSION = 1;
				DEBUG_INFORMATION_FORMAT = "dwarf-with-dsym";
				ENABLE_NS_ASSERTIONS = NO;
				ENABLE_STRICT_OBJC_MSGSEND = YES;
				GCC_C_LANGUAGE_STANDARD = gnu11;
				GCC_NO_COMMON_BLOCKS = YES;
				GCC_WARN_64_TO_32_BIT_CONVERSION = YES;
				GCC_WARN_ABOUT_RETURN_TYPE = YES_ERROR;
				GCC_WARN_UNDECLARED_SELECTOR = YES;
				GCC_WARN_UNINITIALIZED_AUTOS = YES_AGGRESSIVE;
				GCC_WARN_UNUSED_FUNCTION = YES;
				GCC_WARN_UNUSED_VARIABLE = YES;
				MACOSX_DEPLOYMENT_TARGET = 12.3;
				MTL_ENABLE_DEBUG_INFO = NO;
				MTL_FAST_MATH = YES;
				SDKROOT = macosx;
				SWIFT_COMPILATION_MODE = wholemodule;
				SWIFT_OPTIMIZATION_LEVEL = "-O";
				VERSIONING_SYSTEM = "apple-generic";
				VERSION_INFO_PREFIX = "";
			};
			name = Release;
		};
		2590AB3928559AC700C8B8CC /* Debug */ = {
			isa = XCBuildConfiguration;
			buildSettings = {
				CODE_SIGN_STYLE = Automatic;
				COMBINE_HIDPI_IMAGES = YES;
				CURRENT_PROJECT_VERSION = 1;
				DEFINES_MODULE = YES;
				DEVELOPMENT_TEAM = T3Q6UYT2K5;
				DYLIB_COMPATIBILITY_VERSION = 1;
				DYLIB_CURRENT_VERSION = 1;
				DYLIB_INSTALL_NAME_BASE = "@rpath";
				GENERATE_INFOPLIST_FILE = YES;
				INFOPLIST_KEY_NSHumanReadableCopyright = "";
				INSTALL_PATH = "$(LOCAL_LIBRARY_DIR)/Frameworks";
				LD_RUNPATH_SEARCH_PATHS = (
					"$(inherited)",
					"@executable_path/../Frameworks",
					"@loader_path/Frameworks",
				);
				MARKETING_VERSION = 1.0;
				PRODUCT_BUNDLE_IDENTIFIER = "Nine-Circles-of-Shell.ogma";
				PRODUCT_NAME = "$(TARGET_NAME:c99extidentifier)";
				SKIP_INSTALL = YES;
				SWIFT_EMIT_LOC_STRINGS = YES;
				SWIFT_VERSION = 5.0;
			};
			name = Debug;
		};
		2590AB3A28559AC700C8B8CC /* Release */ = {
			isa = XCBuildConfiguration;
			buildSettings = {
				CODE_SIGN_STYLE = Automatic;
				COMBINE_HIDPI_IMAGES = YES;
				CURRENT_PROJECT_VERSION = 1;
				DEFINES_MODULE = YES;
				DEVELOPMENT_TEAM = T3Q6UYT2K5;
				DYLIB_COMPATIBILITY_VERSION = 1;
				DYLIB_CURRENT_VERSION = 1;
				DYLIB_INSTALL_NAME_BASE = "@rpath";
				GENERATE_INFOPLIST_FILE = YES;
				INFOPLIST_KEY_NSHumanReadableCopyright = "";
				INSTALL_PATH = "$(LOCAL_LIBRARY_DIR)/Frameworks";
				LD_RUNPATH_SEARCH_PATHS = (
					"$(inherited)",
					"@executable_path/../Frameworks",
					"@loader_path/Frameworks",
				);
				MARKETING_VERSION = 1.0;
				PRODUCT_BUNDLE_IDENTIFIER = "Nine-Circles-of-Shell.ogma";
				PRODUCT_NAME = "$(TARGET_NAME:c99extidentifier)";
				SKIP_INSTALL = YES;
				SWIFT_EMIT_LOC_STRINGS = YES;
				SWIFT_VERSION = 5.0;
			};
			name = Release;
		};
		2590AB3C28559AC700C8B8CC /* Debug */ = {
			isa = XCBuildConfiguration;
			buildSettings = {
				CODE_SIGN_STYLE = Automatic;
				CURRENT_PROJECT_VERSION = 1;
				DEVELOPMENT_TEAM = T3Q6UYT2K5;
				GENERATE_INFOPLIST_FILE = YES;
				MARKETING_VERSION = 1.0;
				PRODUCT_BUNDLE_IDENTIFIER = "Nine-Circles-of-Shell.ogmaTests";
				PRODUCT_NAME = "$(TARGET_NAME)";
				SWIFT_EMIT_LOC_STRINGS = NO;
				SWIFT_VERSION = 5.0;
			};
			name = Debug;
		};
		2590AB3D28559AC700C8B8CC /* Release */ = {
			isa = XCBuildConfiguration;
			buildSettings = {
				CODE_SIGN_STYLE = Automatic;
				CURRENT_PROJECT_VERSION = 1;
				DEVELOPMENT_TEAM = T3Q6UYT2K5;
				GENERATE_INFOPLIST_FILE = YES;
				MARKETING_VERSION = 1.0;
				PRODUCT_BUNDLE_IDENTIFIER = "Nine-Circles-of-Shell.ogmaTests";
				PRODUCT_NAME = "$(TARGET_NAME)";
				SWIFT_EMIT_LOC_STRINGS = NO;
				SWIFT_VERSION = 5.0;
			};
			name = Release;
		};
/* End XCBuildConfiguration section */

/* Begin XCConfigurationList section */
		2590AB1E28559AC600C8B8CC /* Build configuration list for PBXProject "ogma" */ = {
			isa = XCConfigurationList;
			buildConfigurations = (
				2590AB3628559AC700C8B8CC /* Debug */,
				2590AB3728559AC700C8B8CC /* Release */,
			);
			defaultConfigurationIsVisible = 0;
			defaultConfigurationName = Release;
		};
		2590AB3828559AC700C8B8CC /* Build configuration list for PBXNativeTarget "ogma" */ = {
			isa = XCConfigurationList;
			buildConfigurations = (
				2590AB3928559AC700C8B8CC /* Debug */,
				2590AB3A28559AC700C8B8CC /* Release */,
			);
			defaultConfigurationIsVisible = 0;
			defaultConfigurationName = Release;
		};
		2590AB3B28559AC700C8B8CC /* Build configuration list for PBXNativeTarget "ogmaTests" */ = {
			isa = XCConfigurationList;
			buildConfigurations = (
				2590AB3C28559AC700C8B8CC /* Debug */,
				2590AB3D28559AC700C8B8CC /* Release */,
			);
			defaultConfigurationIsVisible = 0;
			defaultConfigurationName = Release;
		};
/* End XCConfigurationList section */
	};
	rootObject = 2590AB1B28559AC600C8B8CC /* Project object */;
}
